// !$*UTF8*$!
{
	archiveVersion = 1;
	classes = {
	};
	objectVersion = 55;
	objects = {

/* Begin PBXBuildFile section */
		9A88F4C428AB60B600921E41 /* AppDelegate.swift in Sources */ = {isa = PBXBuildFile; fileRef = 9A88F4C328AB60B600921E41 /* AppDelegate.swift */; };
		9A88F4CD28AB60BA00921E41 /* Assets.xcassets in Resources */ = {isa = PBXBuildFile; fileRef = 9A88F4CC28AB60BA00921E41 /* Assets.xcassets */; };
		9A88F4D028AB60BA00921E41 /* LaunchScreen.storyboard in Resources */ = {isa = PBXBuildFile; fileRef = 9A88F4CE28AB60BA00921E41 /* LaunchScreen.storyboard */; };
		9A88F4DB28AB62F900921E41 /* HomeRouter.swift in Sources */ = {isa = PBXBuildFile; fileRef = 9A88F4DA28AB62F900921E41 /* HomeRouter.swift */; };
		9A88F4DE28AB638000921E41 /* HomeViewController.swift in Sources */ = {isa = PBXBuildFile; fileRef = 9A88F4DC28AB637F00921E41 /* HomeViewController.swift */; };
		9A88F4DF28AB638000921E41 /* HomeViewController.xib in Resources */ = {isa = PBXBuildFile; fileRef = 9A88F4DD28AB638000921E41 /* HomeViewController.xib */; };
		9A88F4E128AB63B000921E41 /* HomePresenter.swift in Sources */ = {isa = PBXBuildFile; fileRef = 9A88F4E028AB63B000921E41 /* HomePresenter.swift */; };
		9A88F4E328AB63BC00921E41 /* HomeInteractor.swift in Sources */ = {isa = PBXBuildFile; fileRef = 9A88F4E228AB63BC00921E41 /* HomeInteractor.swift */; };
		9A88F4E528AB63D300921E41 /* HomeEntity.swift in Sources */ = {isa = PBXBuildFile; fileRef = 9A88F4E428AB63D300921E41 /* HomeEntity.swift */; };
		9A88F4E728AB645A00921E41 /* ApiService.swift in Sources */ = {isa = PBXBuildFile; fileRef = 9A88F4E628AB645A00921E41 /* ApiService.swift */; };
		9A88F4E928AB646700921E41 /* FirebaseService.swift in Sources */ = {isa = PBXBuildFile; fileRef = 9A88F4E828AB646700921E41 /* FirebaseService.swift */; };
		9A88F4ED28AB65A900921E41 /* LogInViewController.swift in Sources */ = {isa = PBXBuildFile; fileRef = 9A88F4EB28AB65A900921E41 /* LogInViewController.swift */; };
		9A88F4EE28AB65A900921E41 /* LogInViewController.xib in Resources */ = {isa = PBXBuildFile; fileRef = 9A88F4EC28AB65A900921E41 /* LogInViewController.xib */; };
		9A88F4F028AB65BD00921E41 /* LogInPresenter.swift in Sources */ = {isa = PBXBuildFile; fileRef = 9A88F4EF28AB65BD00921E41 /* LogInPresenter.swift */; };
		9A88F4F228AB65CF00921E41 /* LogInInteractor.swift in Sources */ = {isa = PBXBuildFile; fileRef = 9A88F4F128AB65CF00921E41 /* LogInInteractor.swift */; };
		9A88F4F428AB65F700921E41 /* LogInService.swift in Sources */ = {isa = PBXBuildFile; fileRef = 9A88F4F328AB65F700921E41 /* LogInService.swift */; };
		9A88F4F628AB660800921E41 /* LogInRouter.swift in Sources */ = {isa = PBXBuildFile; fileRef = 9A88F4F528AB660800921E41 /* LogInRouter.swift */; };
		9A88F4F828AB661500921E41 /* LogInEntity.swift in Sources */ = {isa = PBXBuildFile; fileRef = 9A88F4F728AB661500921E41 /* LogInEntity.swift */; };
		9A88F4FA28AB662000921E41 /* HomeService.swift in Sources */ = {isa = PBXBuildFile; fileRef = 9A88F4F928AB662000921E41 /* HomeService.swift */; };
		9A88F4FC28AB68FC00921E41 /* GoogleService-Info.plist in Resources */ = {isa = PBXBuildFile; fileRef = 9A88F4FB28AB68FC00921E41 /* GoogleService-Info.plist */; };
		9A96E04C28ACBB0800E46947 /* APICallable.swift in Sources */ = {isa = PBXBuildFile; fileRef = 9A96E04B28ACBB0800E46947 /* APICallable.swift */; };
		EE052E6185896397FF8765A2 /* Pods_MovieApp.framework in Frameworks */ = {isa = PBXBuildFile; fileRef = 03F9BA04DAFB80841B98FF58 /* Pods_MovieApp.framework */; };
/* End PBXBuildFile section */

/* Begin PBXFileReference section */
		03F9BA04DAFB80841B98FF58 /* Pods_MovieApp.framework */ = {isa = PBXFileReference; explicitFileType = wrapper.framework; includeInIndex = 0; path = Pods_MovieApp.framework; sourceTree = BUILT_PRODUCTS_DIR; };
		06E9850A594393F3131D3AAF /* Pods-MovieApp.debug.xcconfig */ = {isa = PBXFileReference; includeInIndex = 1; lastKnownFileType = text.xcconfig; name = "Pods-MovieApp.debug.xcconfig"; path = "Target Support Files/Pods-MovieApp/Pods-MovieApp.debug.xcconfig"; sourceTree = "<group>"; };
		9A88F4C028AB60B600921E41 /* MovieApp.app */ = {isa = PBXFileReference; explicitFileType = wrapper.application; includeInIndex = 0; path = MovieApp.app; sourceTree = BUILT_PRODUCTS_DIR; };
		9A88F4C328AB60B600921E41 /* AppDelegate.swift */ = {isa = PBXFileReference; lastKnownFileType = sourcecode.swift; path = AppDelegate.swift; sourceTree = "<group>"; };
		9A88F4CC28AB60BA00921E41 /* Assets.xcassets */ = {isa = PBXFileReference; lastKnownFileType = folder.assetcatalog; path = Assets.xcassets; sourceTree = "<group>"; };
		9A88F4CF28AB60BA00921E41 /* Base */ = {isa = PBXFileReference; lastKnownFileType = file.storyboard; name = Base; path = Base.lproj/LaunchScreen.storyboard; sourceTree = "<group>"; };
		9A88F4D128AB60BA00921E41 /* Info.plist */ = {isa = PBXFileReference; lastKnownFileType = text.plist.xml; path = Info.plist; sourceTree = "<group>"; };
		9A88F4DA28AB62F900921E41 /* HomeRouter.swift */ = {isa = PBXFileReference; lastKnownFileType = sourcecode.swift; path = HomeRouter.swift; sourceTree = "<group>"; };
		9A88F4DC28AB637F00921E41 /* HomeViewController.swift */ = {isa = PBXFileReference; lastKnownFileType = sourcecode.swift; path = HomeViewController.swift; sourceTree = "<group>"; };
		9A88F4DD28AB638000921E41 /* HomeViewController.xib */ = {isa = PBXFileReference; lastKnownFileType = file.xib; path = HomeViewController.xib; sourceTree = "<group>"; };
		9A88F4E028AB63B000921E41 /* HomePresenter.swift */ = {isa = PBXFileReference; lastKnownFileType = sourcecode.swift; path = HomePresenter.swift; sourceTree = "<group>"; };
		9A88F4E228AB63BC00921E41 /* HomeInteractor.swift */ = {isa = PBXFileReference; lastKnownFileType = sourcecode.swift; path = HomeInteractor.swift; sourceTree = "<group>"; };
		9A88F4E428AB63D300921E41 /* HomeEntity.swift */ = {isa = PBXFileReference; lastKnownFileType = sourcecode.swift; path = HomeEntity.swift; sourceTree = "<group>"; };
		9A88F4E628AB645A00921E41 /* ApiService.swift */ = {isa = PBXFileReference; lastKnownFileType = sourcecode.swift; path = ApiService.swift; sourceTree = "<group>"; };
		9A88F4E828AB646700921E41 /* FirebaseService.swift */ = {isa = PBXFileReference; lastKnownFileType = sourcecode.swift; path = FirebaseService.swift; sourceTree = "<group>"; };
		9A88F4EB28AB65A900921E41 /* LogInViewController.swift */ = {isa = PBXFileReference; lastKnownFileType = sourcecode.swift; name = LogInViewController.swift; path = LogIn/LogInViewController.swift; sourceTree = "<group>"; };
		9A88F4EC28AB65A900921E41 /* LogInViewController.xib */ = {isa = PBXFileReference; lastKnownFileType = file.xib; name = LogInViewController.xib; path = LogIn/LogInViewController.xib; sourceTree = "<group>"; };
		9A88F4EF28AB65BD00921E41 /* LogInPresenter.swift */ = {isa = PBXFileReference; lastKnownFileType = sourcecode.swift; path = LogInPresenter.swift; sourceTree = "<group>"; };
		9A88F4F128AB65CF00921E41 /* LogInInteractor.swift */ = {isa = PBXFileReference; lastKnownFileType = sourcecode.swift; path = LogInInteractor.swift; sourceTree = "<group>"; };
		9A88F4F328AB65F700921E41 /* LogInService.swift */ = {isa = PBXFileReference; lastKnownFileType = sourcecode.swift; path = LogInService.swift; sourceTree = "<group>"; };
		9A88F4F528AB660800921E41 /* LogInRouter.swift */ = {isa = PBXFileReference; lastKnownFileType = sourcecode.swift; path = LogInRouter.swift; sourceTree = "<group>"; };
		9A88F4F728AB661500921E41 /* LogInEntity.swift */ = {isa = PBXFileReference; lastKnownFileType = sourcecode.swift; path = LogInEntity.swift; sourceTree = "<group>"; };
		9A88F4F928AB662000921E41 /* HomeService.swift */ = {isa = PBXFileReference; lastKnownFileType = sourcecode.swift; path = HomeService.swift; sourceTree = "<group>"; };
		9A88F4FB28AB68FC00921E41 /* GoogleService-Info.plist */ = {isa = PBXFileReference; fileEncoding = 4; lastKnownFileType = text.plist.xml; path = "GoogleService-Info.plist"; sourceTree = "<group>"; };
		9A96E04B28ACBB0800E46947 /* APICallable.swift */ = {isa = PBXFileReference; lastKnownFileType = sourcecode.swift; path = APICallable.swift; sourceTree = "<group>"; };
		B7D9AB4F718F3A45F04CDCF6 /* Pods-MovieApp.release.xcconfig */ = {isa = PBXFileReference; includeInIndex = 1; lastKnownFileType = text.xcconfig; name = "Pods-MovieApp.release.xcconfig"; path = "Target Support Files/Pods-MovieApp/Pods-MovieApp.release.xcconfig"; sourceTree = "<group>"; };
/* End PBXFileReference section */

/* Begin PBXFrameworksBuildPhase section */
		9A88F4BD28AB60B600921E41 /* Frameworks */ = {
			isa = PBXFrameworksBuildPhase;
			buildActionMask = 2147483647;
			files = (
				EE052E6185896397FF8765A2 /* Pods_MovieApp.framework in Frameworks */,
			);
			runOnlyForDeploymentPostprocessing = 0;
		};
/* End PBXFrameworksBuildPhase section */

/* Begin PBXGroup section */
		3EF530CA30FDE39CE149D200 /* Pods */ = {
			isa = PBXGroup;
			children = (
				06E9850A594393F3131D3AAF /* Pods-MovieApp.debug.xcconfig */,
				B7D9AB4F718F3A45F04CDCF6 /* Pods-MovieApp.release.xcconfig */,
			);
			path = Pods;
			sourceTree = "<group>";
		};
		9A88F4B728AB60B600921E41 = {
			isa = PBXGroup;
			children = (
				9A88F4C228AB60B600921E41 /* MovieApp */,
				9A88F4C128AB60B600921E41 /* Products */,
				3EF530CA30FDE39CE149D200 /* Pods */,
				FA0473F76744E1F833E154BC /* Frameworks */,
			);
			sourceTree = "<group>";
		};
		9A88F4C128AB60B600921E41 /* Products */ = {
			isa = PBXGroup;
			children = (
				9A88F4C028AB60B600921E41 /* MovieApp.app */,
			);
			name = Products;
			sourceTree = "<group>";
		};
		9A88F4C228AB60B600921E41 /* MovieApp */ = {
			isa = PBXGroup;
			children = (
				9A88F4D828AB62DB00921E41 /* Screens */,
				9A88F4D728AB628400921E41 /* Common */,
				9A88F4C328AB60B600921E41 /* AppDelegate.swift */,
				9A88F4CC28AB60BA00921E41 /* Assets.xcassets */,
				9A88F4CE28AB60BA00921E41 /* LaunchScreen.storyboard */,
				9A88F4D128AB60BA00921E41 /* Info.plist */,
				9A88F4FB28AB68FC00921E41 /* GoogleService-Info.plist */,
			);
			path = MovieApp;
			sourceTree = "<group>";
		};
		9A88F4D728AB628400921E41 /* Common */ = {
			isa = PBXGroup;
			children = (
				9A88F4E628AB645A00921E41 /* ApiService.swift */,
				9A88F4E828AB646700921E41 /* FirebaseService.swift */,
				9A96E04B28ACBB0800E46947 /* APICallable.swift */,
			);
			path = Common;
			sourceTree = "<group>";
		};
		9A88F4D828AB62DB00921E41 /* Screens */ = {
			isa = PBXGroup;
			children = (
				9A88F4EA28AB655500921E41 /* LogIn */,
				9A88F4D928AB62E500921E41 /* Home */,
			);
			path = Screens;
			sourceTree = "<group>";
		};
		9A88F4D928AB62E500921E41 /* Home */ = {
			isa = PBXGroup;
			children = (
				9A88F4E428AB63D300921E41 /* HomeEntity.swift */,
				9A88F4E228AB63BC00921E41 /* HomeInteractor.swift */,
				9A88F4E028AB63B000921E41 /* HomePresenter.swift */,
				9A88F4DA28AB62F900921E41 /* HomeRouter.swift */,
				9A88F4DC28AB637F00921E41 /* HomeViewController.swift */,
				9A88F4DD28AB638000921E41 /* HomeViewController.xib */,
				9A88F4F928AB662000921E41 /* HomeService.swift */,
			);
			path = Home;
			sourceTree = "<group>";
		};
		9A88F4EA28AB655500921E41 /* LogIn */ = {
			isa = PBXGroup;
			children = (
				9A88F4F728AB661500921E41 /* LogInEntity.swift */,
				9A88F4F128AB65CF00921E41 /* LogInInteractor.swift */,
				9A88F4EF28AB65BD00921E41 /* LogInPresenter.swift */,
				9A88F4F528AB660800921E41 /* LogInRouter.swift */,
				9A88F4F328AB65F700921E41 /* LogInService.swift */,
				9A88F4EB28AB65A900921E41 /* LogInViewController.swift */,
				9A88F4EC28AB65A900921E41 /* LogInViewController.xib */,
			);
			name = LogIn;
			sourceTree = "<group>";
		};
		FA0473F76744E1F833E154BC /* Frameworks */ = {
			isa = PBXGroup;
			children = (
				03F9BA04DAFB80841B98FF58 /* Pods_MovieApp.framework */,
			);
			name = Frameworks;
			sourceTree = "<group>";
		};
/* End PBXGroup section */

/* Begin PBXNativeTarget section */
		9A88F4BF28AB60B600921E41 /* MovieApp */ = {
			isa = PBXNativeTarget;
			buildConfigurationList = 9A88F4D428AB60BA00921E41 /* Build configuration list for PBXNativeTarget "MovieApp" */;
			buildPhases = (
				D522EC120DF516EC2160C5F5 /* [CP] Check Pods Manifest.lock */,
				9A88F4BC28AB60B600921E41 /* Sources */,
				9A88F4BD28AB60B600921E41 /* Frameworks */,
				9A88F4BE28AB60B600921E41 /* Resources */,
				7AB84046AA64C29F9F6C75D2 /* [CP] Embed Pods Frameworks */,
			);
			buildRules = (
			);
			dependencies = (
			);
			name = MovieApp;
			productName = MovieApp;
			productReference = 9A88F4C028AB60B600921E41 /* MovieApp.app */;
			productType = "com.apple.product-type.application";
		};
/* End PBXNativeTarget section */

/* Begin PBXProject section */
		9A88F4B828AB60B600921E41 /* Project object */ = {
			isa = PBXProject;
			attributes = {
				BuildIndependentTargetsInParallel = 1;
				LastSwiftUpdateCheck = 1340;
				LastUpgradeCheck = 1340;
				TargetAttributes = {
					9A88F4BF28AB60B600921E41 = {
						CreatedOnToolsVersion = 13.4.1;
					};
				};
			};
			buildConfigurationList = 9A88F4BB28AB60B600921E41 /* Build configuration list for PBXProject "MovieApp" */;
			compatibilityVersion = "Xcode 13.0";
			developmentRegion = en;
			hasScannedForEncodings = 0;
			knownRegions = (
				en,
				Base,
			);
			mainGroup = 9A88F4B728AB60B600921E41;
			productRefGroup = 9A88F4C128AB60B600921E41 /* Products */;
			projectDirPath = "";
			projectRoot = "";
			targets = (
				9A88F4BF28AB60B600921E41 /* MovieApp */,
			);
		};
/* End PBXProject section */

/* Begin PBXResourcesBuildPhase section */
		9A88F4BE28AB60B600921E41 /* Resources */ = {
			isa = PBXResourcesBuildPhase;
			buildActionMask = 2147483647;
			files = (
				9A88F4EE28AB65A900921E41 /* LogInViewController.xib in Resources */,
				9A88F4D028AB60BA00921E41 /* LaunchScreen.storyboard in Resources */,
				9A88F4FC28AB68FC00921E41 /* GoogleService-Info.plist in Resources */,
				9A88F4CD28AB60BA00921E41 /* Assets.xcassets in Resources */,
				9A88F4DF28AB638000921E41 /* HomeViewController.xib in Resources */,
			);
			runOnlyForDeploymentPostprocessing = 0;
		};
/* End PBXResourcesBuildPhase section */

/* Begin PBXShellScriptBuildPhase section */
		7AB84046AA64C29F9F6C75D2 /* [CP] Embed Pods Frameworks */ = {
			isa = PBXShellScriptBuildPhase;
			buildActionMask = 2147483647;
			files = (
			);
			inputFileListPaths = (
				"${PODS_ROOT}/Target Support Files/Pods-MovieApp/Pods-MovieApp-frameworks-${CONFIGURATION}-input-files.xcfilelist",
			);
			name = "[CP] Embed Pods Frameworks";
			outputFileListPaths = (
				"${PODS_ROOT}/Target Support Files/Pods-MovieApp/Pods-MovieApp-frameworks-${CONFIGURATION}-output-files.xcfilelist",
			);
			runOnlyForDeploymentPostprocessing = 0;
			shellPath = /bin/sh;
			shellScript = "\"${PODS_ROOT}/Target Support Files/Pods-MovieApp/Pods-MovieApp-frameworks.sh\"\n";
			showEnvVarsInLog = 0;
		};
		D522EC120DF516EC2160C5F5 /* [CP] Check Pods Manifest.lock */ = {
			isa = PBXShellScriptBuildPhase;
			buildActionMask = 2147483647;
			files = (
			);
			inputFileListPaths = (
			);
			inputPaths = (
				"${PODS_PODFILE_DIR_PATH}/Podfile.lock",
				"${PODS_ROOT}/Manifest.lock",
			);
			name = "[CP] Check Pods Manifest.lock";
			outputFileListPaths = (
			);
			outputPaths = (
				"$(DERIVED_FILE_DIR)/Pods-MovieApp-checkManifestLockResult.txt",
			);
			runOnlyForDeploymentPostprocessing = 0;
			shellPath = /bin/sh;
			shellScript = "diff \"${PODS_PODFILE_DIR_PATH}/Podfile.lock\" \"${PODS_ROOT}/Manifest.lock\" > /dev/null\nif [ $? != 0 ] ; then\n    # print error to STDERR\n    echo \"error: The sandbox is not in sync with the Podfile.lock. Run 'pod install' or update your CocoaPods installation.\" >&2\n    exit 1\nfi\n# This output is used by Xcode 'outputs' to avoid re-running this script phase.\necho \"SUCCESS\" > \"${SCRIPT_OUTPUT_FILE_0}\"\n";
			showEnvVarsInLog = 0;
		};
/* End PBXShellScriptBuildPhase section */

/* Begin PBXSourcesBuildPhase section */
		9A88F4BC28AB60B600921E41 /* Sources */ = {
			isa = PBXSourcesBuildPhase;
			buildActionMask = 2147483647;
			files = (
				9A88F4F828AB661500921E41 /* LogInEntity.swift in Sources */,
				9A88F4C428AB60B600921E41 /* AppDelegate.swift in Sources */,
				9A88F4E528AB63D300921E41 /* HomeEntity.swift in Sources */,
				9A88F4F028AB65BD00921E41 /* LogInPresenter.swift in Sources */,
				9A88F4ED28AB65A900921E41 /* LogInViewController.swift in Sources */,
				9A88F4F628AB660800921E41 /* LogInRouter.swift in Sources */,
				9A96E04C28ACBB0800E46947 /* APICallable.swift in Sources */,
				9A88F4E928AB646700921E41 /* FirebaseService.swift in Sources */,
				9A88F4F228AB65CF00921E41 /* LogInInteractor.swift in Sources */,
				9A88F4DB28AB62F900921E41 /* HomeRouter.swift in Sources */,
				9A88F4FA28AB662000921E41 /* HomeService.swift in Sources */,
				9A88F4DE28AB638000921E41 /* HomeViewController.swift in Sources */,
				9A88F4E328AB63BC00921E41 /* HomeInteractor.swift in Sources */,
				9A88F4E728AB645A00921E41 /* ApiService.swift in Sources */,
				9A88F4E128AB63B000921E41 /* HomePresenter.swift in Sources */,
				9A88F4F428AB65F700921E41 /* LogInService.swift in Sources */,
			);
			runOnlyForDeploymentPostprocessing = 0;
		};
/* End PBXSourcesBuildPhase section */

/* Begin PBXVariantGroup section */
		9A88F4CE28AB60BA00921E41 /* LaunchScreen.storyboard */ = {
			isa = PBXVariantGroup;
			children = (
				9A88F4CF28AB60BA00921E41 /* Base */,
			);
			name = LaunchScreen.storyboard;
			sourceTree = "<group>";
		};
/* End PBXVariantGroup section */

/* Begin XCBuildConfiguration section */
		9A88F4D228AB60BA00921E41 /* Debug */ = {
			isa = XCBuildConfiguration;
			buildSettings = {
				ALWAYS_SEARCH_USER_PATHS = NO;
				CLANG_ANALYZER_NONNULL = YES;
				CLANG_ANALYZER_NUMBER_OBJECT_CONVERSION = YES_AGGRESSIVE;
				CLANG_CXX_LANGUAGE_STANDARD = "gnu++17";
				CLANG_ENABLE_MODULES = YES;
				CLANG_ENABLE_OBJC_ARC = YES;
				CLANG_ENABLE_OBJC_WEAK = YES;
				CLANG_WARN_BLOCK_CAPTURE_AUTORELEASING = YES;
				CLANG_WARN_BOOL_CONVERSION = YES;
				CLANG_WARN_COMMA = YES;
				CLANG_WARN_CONSTANT_CONVERSION = YES;
				CLANG_WARN_DEPRECATED_OBJC_IMPLEMENTATIONS = YES;
				CLANG_WARN_DIRECT_OBJC_ISA_USAGE = YES_ERROR;
				CLANG_WARN_DOCUMENTATION_COMMENTS = YES;
				CLANG_WARN_EMPTY_BODY = YES;
				CLANG_WARN_ENUM_CONVERSION = YES;
				CLANG_WARN_INFINITE_RECURSION = YES;
				CLANG_WARN_INT_CONVERSION = YES;
				CLANG_WARN_NON_LITERAL_NULL_CONVERSION = YES;
				CLANG_WARN_OBJC_IMPLICIT_RETAIN_SELF = YES;
				CLANG_WARN_OBJC_LITERAL_CONVERSION = YES;
				CLANG_WARN_OBJC_ROOT_CLASS = YES_ERROR;
				CLANG_WARN_QUOTED_INCLUDE_IN_FRAMEWORK_HEADER = YES;
				CLANG_WARN_RANGE_LOOP_ANALYSIS = YES;
				CLANG_WARN_STRICT_PROTOTYPES = YES;
				CLANG_WARN_SUSPICIOUS_MOVE = YES;
				CLANG_WARN_UNGUARDED_AVAILABILITY = YES_AGGRESSIVE;
				CLANG_WARN_UNREACHABLE_CODE = YES;
				CLANG_WARN__DUPLICATE_METHOD_MATCH = YES;
				COPY_PHASE_STRIP = NO;
				DEBUG_INFORMATION_FORMAT = dwarf;
				ENABLE_STRICT_OBJC_MSGSEND = YES;
				ENABLE_TESTABILITY = YES;
				GCC_C_LANGUAGE_STANDARD = gnu11;
				GCC_DYNAMIC_NO_PIC = NO;
				GCC_NO_COMMON_BLOCKS = YES;
				GCC_OPTIMIZATION_LEVEL = 0;
				GCC_PREPROCESSOR_DEFINITIONS = (
					"DEBUG=1",
					"$(inherited)",
				);
				GCC_WARN_64_TO_32_BIT_CONVERSION = YES;
				GCC_WARN_ABOUT_RETURN_TYPE = YES_ERROR;
				GCC_WARN_UNDECLARED_SELECTOR = YES;
				GCC_WARN_UNINITIALIZED_AUTOS = YES_AGGRESSIVE;
				GCC_WARN_UNUSED_FUNCTION = YES;
				GCC_WARN_UNUSED_VARIABLE = YES;
				IPHONEOS_DEPLOYMENT_TARGET = 15.5;
				MTL_ENABLE_DEBUG_INFO = INCLUDE_SOURCE;
				MTL_FAST_MATH = YES;
				ONLY_ACTIVE_ARCH = YES;
				SDKROOT = iphoneos;
				SWIFT_ACTIVE_COMPILATION_CONDITIONS = DEBUG;
				SWIFT_OPTIMIZATION_LEVEL = "-Onone";
			};
			name = Debug;
		};
		9A88F4D328AB60BA00921E41 /* Release */ = {
			isa = XCBuildConfiguration;
			buildSettings = {
				ALWAYS_SEARCH_USER_PATHS = NO;
				CLANG_ANALYZER_NONNULL = YES;
				CLANG_ANALYZER_NUMBER_OBJECT_CONVERSION = YES_AGGRESSIVE;
				CLANG_CXX_LANGUAGE_STANDARD = "gnu++17";
				CLANG_ENABLE_MODULES = YES;
				CLANG_ENABLE_OBJC_ARC = YES;
				CLANG_ENABLE_OBJC_WEAK = YES;
				CLANG_WARN_BLOCK_CAPTURE_AUTORELEASING = YES;
				CLANG_WARN_BOOL_CONVERSION = YES;
				CLANG_WARN_COMMA = YES;
				CLANG_WARN_CONSTANT_CONVERSION = YES;
				CLANG_WARN_DEPRECATED_OBJC_IMPLEMENTATIONS = YES;
				CLANG_WARN_DIRECT_OBJC_ISA_USAGE = YES_ERROR;
				CLANG_WARN_DOCUMENTATION_COMMENTS = YES;
				CLANG_WARN_EMPTY_BODY = YES;
				CLANG_WARN_ENUM_CONVERSION = YES;
				CLANG_WARN_INFINITE_RECURSION = YES;
				CLANG_WARN_INT_CONVERSION = YES;
				CLANG_WARN_NON_LITERAL_NULL_CONVERSION = YES;
				CLANG_WARN_OBJC_IMPLICIT_RETAIN_SELF = YES;
				CLANG_WARN_OBJC_LITERAL_CONVERSION = YES;
				CLANG_WARN_OBJC_ROOT_CLASS = YES_ERROR;
				CLANG_WARN_QUOTED_INCLUDE_IN_FRAMEWORK_HEADER = YES;
				CLANG_WARN_RANGE_LOOP_ANALYSIS = YES;
				CLANG_WARN_STRICT_PROTOTYPES = YES;
				CLANG_WARN_SUSPICIOUS_MOVE = YES;
				CLANG_WARN_UNGUARDED_AVAILABILITY = YES_AGGRESSIVE;
				CLANG_WARN_UNREACHABLE_CODE = YES;
				CLANG_WARN__DUPLICATE_METHOD_MATCH = YES;
				COPY_PHASE_STRIP = NO;
				DEBUG_INFORMATION_FORMAT = "dwarf-with-dsym";
				ENABLE_NS_ASSERTIONS = NO;
				ENABLE_STRICT_OBJC_MSGSEND = YES;
				GCC_C_LANGUAGE_STANDARD = gnu11;
				GCC_NO_COMMON_BLOCKS = YES;
				GCC_WARN_64_TO_32_BIT_CONVERSION = YES;
				GCC_WARN_ABOUT_RETURN_TYPE = YES_ERROR;
				GCC_WARN_UNDECLARED_SELECTOR = YES;
				GCC_WARN_UNINITIALIZED_AUTOS = YES_AGGRESSIVE;
				GCC_WARN_UNUSED_FUNCTION = YES;
				GCC_WARN_UNUSED_VARIABLE = YES;
				IPHONEOS_DEPLOYMENT_TARGET = 15.5;
				MTL_ENABLE_DEBUG_INFO = NO;
				MTL_FAST_MATH = YES;
				SDKROOT = iphoneos;
				SWIFT_COMPILATION_MODE = wholemodule;
				SWIFT_OPTIMIZATION_LEVEL = "-O";
				VALIDATE_PRODUCT = YES;
			};
			name = Release;
		};
		9A88F4D528AB60BA00921E41 /* Debug */ = {
			isa = XCBuildConfiguration;
			baseConfigurationReference = 06E9850A594393F3131D3AAF /* Pods-MovieApp.debug.xcconfig */;
			buildSettings = {
				ASSETCATALOG_COMPILER_APPICON_NAME = AppIcon;
				ASSETCATALOG_COMPILER_GLOBAL_ACCENT_COLOR_NAME = AccentColor;
				CODE_SIGN_STYLE = Automatic;
				CURRENT_PROJECT_VERSION = 1;
				DEVELOPMENT_TEAM = 388Z34M4F6;
				GENERATE_INFOPLIST_FILE = YES;
				INFOPLIST_FILE = MovieApp/Info.plist;
				INFOPLIST_KEY_UIApplicationSupportsIndirectInputEvents = YES;
				INFOPLIST_KEY_UILaunchStoryboardName = LaunchScreen;
				INFOPLIST_KEY_UISupportedInterfaceOrientations_iPad = "UIInterfaceOrientationPortrait UIInterfaceOrientationPortraitUpsideDown UIInterfaceOrientationLandscapeLeft UIInterfaceOrientationLandscapeRight";
				INFOPLIST_KEY_UISupportedInterfaceOrientations_iPhone = "UIInterfaceOrientationPortrait UIInterfaceOrientationLandscapeLeft UIInterfaceOrientationLandscapeRight";
				LD_RUNPATH_SEARCH_PATHS = (
					"$(inherited)",
					"@executable_path/Frameworks",
				);
				MARKETING_VERSION = 1.0;
				PRODUCT_BUNDLE_IDENTIFIER = ademtarhan.MovieApp;
				PRODUCT_NAME = "$(TARGET_NAME)";
				SWIFT_EMIT_LOC_STRINGS = YES;
				SWIFT_VERSION = 5.0;
				TARGETED_DEVICE_FAMILY = "1,2";
			};
			name = Debug;
		};
		9A88F4D628AB60BA00921E41 /* Release */ = {
			isa = XCBuildConfiguration;
			baseConfigurationReference = B7D9AB4F718F3A45F04CDCF6 /* Pods-MovieApp.release.xcconfig */;
			buildSettings = {
				ASSETCATALOG_COMPILER_APPICON_NAME = AppIcon;
				ASSETCATALOG_COMPILER_GLOBAL_ACCENT_COLOR_NAME = AccentColor;
				CODE_SIGN_STYLE = Automatic;
				CURRENT_PROJECT_VERSION = 1;
				DEVELOPMENT_TEAM = 388Z34M4F6;
				GENERATE_INFOPLIST_FILE = YES;
				INFOPLIST_FILE = MovieApp/Info.plist;
				INFOPLIST_KEY_UIApplicationSupportsIndirectInputEvents = YES;
				INFOPLIST_KEY_UILaunchStoryboardName = LaunchScreen;
				INFOPLIST_KEY_UISupportedInterfaceOrientations_iPad = "UIInterfaceOrientationPortrait UIInterfaceOrientationPortraitUpsideDown UIInterfaceOrientationLandscapeLeft UIInterfaceOrientationLandscapeRight";
				INFOPLIST_KEY_UISupportedInterfaceOrientations_iPhone = "UIInterfaceOrientationPortrait UIInterfaceOrientationLandscapeLeft UIInterfaceOrientationLandscapeRight";
				LD_RUNPATH_SEARCH_PATHS = (
					"$(inherited)",
					"@executable_path/Frameworks",
				);
				MARKETING_VERSION = 1.0;
				PRODUCT_BUNDLE_IDENTIFIER = ademtarhan.MovieApp;
				PRODUCT_NAME = "$(TARGET_NAME)";
				SWIFT_EMIT_LOC_STRINGS = YES;
				SWIFT_VERSION = 5.0;
				TARGETED_DEVICE_FAMILY = "1,2";
			};
			name = Release;
		};
/* End XCBuildConfiguration section */

/* Begin XCConfigurationList section */
		9A88F4BB28AB60B600921E41 /* Build configuration list for PBXProject "MovieApp" */ = {
			isa = XCConfigurationList;
			buildConfigurations = (
				9A88F4D228AB60BA00921E41 /* Debug */,
				9A88F4D328AB60BA00921E41 /* Release */,
			);
			defaultConfigurationIsVisible = 0;
			defaultConfigurationName = Release;
		};
		9A88F4D428AB60BA00921E41 /* Build configuration list for PBXNativeTarget "MovieApp" */ = {
			isa = XCConfigurationList;
			buildConfigurations = (
				9A88F4D528AB60BA00921E41 /* Debug */,
				9A88F4D628AB60BA00921E41 /* Release */,
			);
			defaultConfigurationIsVisible = 0;
			defaultConfigurationName = Release;
		};
/* End XCConfigurationList section */
	};
	rootObject = 9A88F4B828AB60B600921E41 /* Project object */;
}
